
Microsoft Visual Studio Solution File, Format Version 12.00
# Visual Studio Version 16
VisualStudioVersion = 16.0.31911.196
MinimumVisualStudioVersion = 10.0.40219.1
Project("{FAE04EC0-301F-11D3-BF4B-00C04F79EFBC}") = "Syntax Sugar Exercise", "Syntax Sugar Exercise\Syntax Sugar Exercise.csproj", "{D058542F-5C5C-406A-A7FF-8B9887A54E1D}"
EndProject
Global
	GlobalSection(SolutionConfigurationPlatforms) = preSolution
		Debug|Any CPU = Debug|Any CPU
		Release|Any CPU = Release|Any CPU
	EndGlobalSection
	GlobalSection(ProjectConfigurationPlatforms) = postSolution
		{D058542F-5C5C-406A-A7FF-8B9887A54E1D}.Debug|Any CPU.ActiveCfg = Debug|Any CPU
		{D058542F-5C5C-406A-A7FF-8B9887A54E1D}.Debug|Any CPU.Build.0 = Debug|Any CPU
		{D058542F-5C5C-406A-A7FF-8B9887A54E1D}.Release|Any CPU.ActiveCfg = Release|Any CPU
		{D058542F-5C5C-406A-A7FF-8B9887A54E1D}.Release|Any CPU.Build.0 = Release|Any CPU
	EndGlobalSection
	GlobalSection(SolutionProperties) = preSolution
		HideSolutionNode = FALSE
	EndGlobalSection
	GlobalSection(ExtensibilityGlobals) = postSolution
		SolutionGuid = {886D3901-1A29-4C24-803B-23B73E1B0238}
	EndGlobalSection
EndGlobal
